// !$*UTF8*$!
{
	archiveVersion = 1;
	classes = {
	};
	objectVersion = 50;
	objects = {

/* Begin PBXBuildFile section */
		EE5BE32A218CF489002A36EA /* MainViewController.swift in Sources */ = {isa = PBXBuildFile; fileRef = EE5BE329218CF489002A36EA /* MainViewController.swift */; };
		EE5BE32C218CF706002A36EA /* Pokemon.swift in Sources */ = {isa = PBXBuildFile; fileRef = EE5BE32B218CF706002A36EA /* Pokemon.swift */; };
		EE5BE32F218CF7C2002A36EA /* PokemonFactory.swift in Sources */ = {isa = PBXBuildFile; fileRef = EE5BE32E218CF7C2002A36EA /* PokemonFactory.swift */; };
		EE894033218CF1A7009CB6A4 /* AppDelegate.swift in Sources */ = {isa = PBXBuildFile; fileRef = EE894032218CF1A7009CB6A4 /* AppDelegate.swift */; };
		EE894035218CF1A7009CB6A4 /* art.scnassets in Resources */ = {isa = PBXBuildFile; fileRef = EE894034218CF1A7009CB6A4 /* art.scnassets */; };
		EE894037218CF1A7009CB6A4 /* Present3dModelViewController.swift in Sources */ = {isa = PBXBuildFile; fileRef = EE894036218CF1A7009CB6A4 /* Present3dModelViewController.swift */; };
		EE89403A218CF1A7009CB6A4 /* Main.storyboard in Resources */ = {isa = PBXBuildFile; fileRef = EE894038218CF1A7009CB6A4 /* Main.storyboard */; };
		EE89403C218CF1A9009CB6A4 /* Assets.xcassets in Resources */ = {isa = PBXBuildFile; fileRef = EE89403B218CF1A9009CB6A4 /* Assets.xcassets */; };
		EE89403F218CF1A9009CB6A4 /* LaunchScreen.storyboard in Resources */ = {isa = PBXBuildFile; fileRef = EE89403D218CF1A9009CB6A4 /* LaunchScreen.storyboard */; };
		EE894047218CF28D009CB6A4 /* PokemonCardCell.swift in Sources */ = {isa = PBXBuildFile; fileRef = EE894046218CF28D009CB6A4 /* PokemonCardCell.swift */; };
		EEB4CAF4218E8BCD001AD409 /* Plane.swift in Sources */ = {isa = PBXBuildFile; fileRef = EEB4CAF3218E8BCD001AD409 /* Plane.swift */; };
/* End PBXBuildFile section */

/* Begin PBXFileReference section */
		EE5BE329218CF489002A36EA /* MainViewController.swift */ = {isa = PBXFileReference; lastKnownFileType = sourcecode.swift; path = MainViewController.swift; sourceTree = "<group>"; };
		EE5BE32B218CF706002A36EA /* Pokemon.swift */ = {isa = PBXFileReference; lastKnownFileType = sourcecode.swift; path = Pokemon.swift; sourceTree = "<group>"; };
		EE5BE32E218CF7C2002A36EA /* PokemonFactory.swift */ = {isa = PBXFileReference; lastKnownFileType = sourcecode.swift; path = PokemonFactory.swift; sourceTree = "<group>"; };
		EE89402F218CF1A7009CB6A4 /* Pokemon Card AR.app */ = {isa = PBXFileReference; explicitFileType = wrapper.application; includeInIndex = 0; path = "Pokemon Card AR.app"; sourceTree = BUILT_PRODUCTS_DIR; };
		EE894032218CF1A7009CB6A4 /* AppDelegate.swift */ = {isa = PBXFileReference; lastKnownFileType = sourcecode.swift; path = AppDelegate.swift; sourceTree = "<group>"; };
		EE894034218CF1A7009CB6A4 /* art.scnassets */ = {isa = PBXFileReference; lastKnownFileType = wrapper.scnassets; path = art.scnassets; sourceTree = "<group>"; };
		EE894036218CF1A7009CB6A4 /* Present3dModelViewController.swift */ = {isa = PBXFileReference; lastKnownFileType = sourcecode.swift; path = Present3dModelViewController.swift; sourceTree = "<group>"; };
		EE894039218CF1A7009CB6A4 /* Base */ = {isa = PBXFileReference; lastKnownFileType = file.storyboard; name = Base; path = Base.lproj/Main.storyboard; sourceTree = "<group>"; };
		EE89403B218CF1A9009CB6A4 /* Assets.xcassets */ = {isa = PBXFileReference; lastKnownFileType = folder.assetcatalog; path = Assets.xcassets; sourceTree = "<group>"; };
		EE89403E218CF1A9009CB6A4 /* Base */ = {isa = PBXFileReference; lastKnownFileType = file.storyboard; name = Base; path = Base.lproj/LaunchScreen.storyboard; sourceTree = "<group>"; };
		EE894040218CF1A9009CB6A4 /* Info.plist */ = {isa = PBXFileReference; lastKnownFileType = text.plist.xml; path = Info.plist; sourceTree = "<group>"; };
		EE894046218CF28D009CB6A4 /* PokemonCardCell.swift */ = {isa = PBXFileReference; lastKnownFileType = sourcecode.swift; path = PokemonCardCell.swift; sourceTree = "<group>"; };
		EEB4CAF3218E8BCD001AD409 /* Plane.swift */ = {isa = PBXFileReference; lastKnownFileType = sourcecode.swift; path = Plane.swift; sourceTree = "<group>"; };
/* End PBXFileReference section */

/* Begin PBXFrameworksBuildPhase section */
		EE89402C218CF1A7009CB6A4 /* Frameworks */ = {
			isa = PBXFrameworksBuildPhase;
			buildActionMask = 2147483647;
			files = (
			);
			runOnlyForDeploymentPostprocessing = 0;
		};
/* End PBXFrameworksBuildPhase section */

/* Begin PBXGroup section */
		EE5BE32D218CF711002A36EA /* Model */ = {
			isa = PBXGroup;
			children = (
				EE5BE32B218CF706002A36EA /* Pokemon.swift */,
				EE5BE32E218CF7C2002A36EA /* PokemonFactory.swift */,
			);
			path = Model;
			sourceTree = "<group>";
		};
		EE5BE334218DF581002A36EA /* ARView */ = {
			isa = PBXGroup;
			children = (
				EE894036218CF1A7009CB6A4 /* Present3dModelViewController.swift */,
				EEB4CAF3218E8BCD001AD409 /* Plane.swift */,
			);
			path = ARView;
			sourceTree = "<group>";
		};
		EE5BE335218DF58A002A36EA /* Storyboard */ = {
			isa = PBXGroup;
			children = (
				EE89403D218CF1A9009CB6A4 /* LaunchScreen.storyboard */,
				EE894038218CF1A7009CB6A4 /* Main.storyboard */,
			);
			path = Storyboard;
			sourceTree = "<group>";
		};
		EE894026218CF1A6009CB6A4 = {
			isa = PBXGroup;
			children = (
				EE894031218CF1A7009CB6A4 /* Pokemon Card AR */,
				EE894030218CF1A7009CB6A4 /* Products */,
			);
			sourceTree = "<group>";
		};
		EE894030218CF1A7009CB6A4 /* Products */ = {
			isa = PBXGroup;
			children = (
				EE89402F218CF1A7009CB6A4 /* Pokemon Card AR.app */,
			);
			name = Products;
			sourceTree = "<group>";
		};
		EE894031218CF1A7009CB6A4 /* Pokemon Card AR */ = {
			isa = PBXGroup;
			children = (
				EE894032218CF1A7009CB6A4 /* AppDelegate.swift */,
				EE894040218CF1A9009CB6A4 /* Info.plist */,
				EE894048218CF293009CB6A4 /* View */,
				EE5BE32D218CF711002A36EA /* Model */,
				EE894049218CF2B8009CB6A4 /* Supporting Files */,
			);
			path = "Pokemon Card AR";
			sourceTree = "<group>";
		};
		EE894048218CF293009CB6A4 /* View */ = {
			isa = PBXGroup;
			children = (
				EE5BE335218DF58A002A36EA /* Storyboard */,
				EE5BE334218DF581002A36EA /* ARView */,
				EE5BE329218CF489002A36EA /* MainViewController.swift */,
				EE894046218CF28D009CB6A4 /* PokemonCardCell.swift */,
			);
			path = View;
			sourceTree = "<group>";
		};
		EE894049218CF2B8009CB6A4 /* Supporting Files */ = {
			isa = PBXGroup;
			children = (
				EE894034218CF1A7009CB6A4 /* art.scnassets */,
				EE89403B218CF1A9009CB6A4 /* Assets.xcassets */,
			);
			path = "Supporting Files";
			sourceTree = "<group>";
		};
/* End PBXGroup section */

/* Begin PBXNativeTarget section */
		EE89402E218CF1A7009CB6A4 /* Pokemon Card AR */ = {
			isa = PBXNativeTarget;
			buildConfigurationList = EE894043218CF1A9009CB6A4 /* Build configuration list for PBXNativeTarget "Pokemon Card AR" */;
			buildPhases = (
				EE89402B218CF1A7009CB6A4 /* Sources */,
				EE89402C218CF1A7009CB6A4 /* Frameworks */,
				EE89402D218CF1A7009CB6A4 /* Resources */,
			);
			buildRules = (
			);
			dependencies = (
			);
			name = "Pokemon Card AR";
			productName = "Pokemon Card AR";
			productReference = EE89402F218CF1A7009CB6A4 /* Pokemon Card AR.app */;
			productType = "com.apple.product-type.application";
		};
/* End PBXNativeTarget section */

/* Begin PBXProject section */
		EE894027218CF1A6009CB6A4 /* Project object */ = {
			isa = PBXProject;
			attributes = {
				LastSwiftUpdateCheck = 1010;
				LastUpgradeCheck = 1010;
				ORGANIZATIONNAME = "Victor Melo";
				TargetAttributes = {
					EE89402E218CF1A7009CB6A4 = {
						CreatedOnToolsVersion = 10.1;
					};
				};
			};
			buildConfigurationList = EE89402A218CF1A6009CB6A4 /* Build configuration list for PBXProject "Pokemon Card AR" */;
			compatibilityVersion = "Xcode 9.3";
			developmentRegion = en;
			hasScannedForEncodings = 0;
			knownRegions = (
				en,
				Base,
			);
			mainGroup = EE894026218CF1A6009CB6A4;
			productRefGroup = EE894030218CF1A7009CB6A4 /* Products */;
			projectDirPath = "";
			projectRoot = "";
			targets = (
				EE89402E218CF1A7009CB6A4 /* Pokemon Card AR */,
			);
		};
/* End PBXProject section */

/* Begin PBXResourcesBuildPhase section */
		EE89402D218CF1A7009CB6A4 /* Resources */ = {
			isa = PBXResourcesBuildPhase;
			buildActionMask = 2147483647;
			files = (
				EE894035218CF1A7009CB6A4 /* art.scnassets in Resources */,
				EE89403F218CF1A9009CB6A4 /* LaunchScreen.storyboard in Resources */,
				EE89403C218CF1A9009CB6A4 /* Assets.xcassets in Resources */,
				EE89403A218CF1A7009CB6A4 /* Main.storyboard in Resources */,
			);
			runOnlyForDeploymentPostprocessing = 0;
		};
/* End PBXResourcesBuildPhase section */

/* Begin PBXSourcesBuildPhase section */
		EE89402B218CF1A7009CB6A4 /* Sources */ = {
			isa = PBXSourcesBuildPhase;
			buildActionMask = 2147483647;
			files = (
				EE5BE32C218CF706002A36EA /* Pokemon.swift in Sources */,
				EE894037218CF1A7009CB6A4 /* Present3dModelViewController.swift in Sources */,
				EE894047218CF28D009CB6A4 /* PokemonCardCell.swift in Sources */,
				EE894033218CF1A7009CB6A4 /* AppDelegate.swift in Sources */,
				EE5BE32F218CF7C2002A36EA /* PokemonFactory.swift in Sources */,
				EE5BE32A218CF489002A36EA /* MainViewController.swift in Sources */,
				EEB4CAF4218E8BCD001AD409 /* Plane.swift in Sources */,
			);
			runOnlyForDeploymentPostprocessing = 0;
		};
/* End PBXSourcesBuildPhase section */

/* Begin PBXVariantGroup section */
		EE894038218CF1A7009CB6A4 /* Main.storyboard */ = {
			isa = PBXVariantGroup;
			children = (
				EE894039218CF1A7009CB6A4 /* Base */,
			);
			name = Main.storyboard;
			sourceTree = "<group>";
		};
		EE89403D218CF1A9009CB6A4 /* LaunchScreen.storyboard */ = {
			isa = PBXVariantGroup;
			children = (
				EE89403E218CF1A9009CB6A4 /* Base */,
			);
			name = LaunchScreen.storyboard;
			sourceTree = "<group>";
		};
/* End PBXVariantGroup section */

/* Begin XCBuildConfiguration section */
		EE894041218CF1A9009CB6A4 /* Debug */ = {
			isa = XCBuildConfiguration;
			buildSettings = {
				ALWAYS_SEARCH_USER_PATHS = NO;
				CLANG_ANALYZER_NONNULL = YES;
				CLANG_ANALYZER_NUMBER_OBJECT_CONVERSION = YES_AGGRESSIVE;
				CLANG_CXX_LANGUAGE_STANDARD = "gnu++14";
				CLANG_CXX_LIBRARY = "libc++";
				CLANG_ENABLE_MODULES = YES;
				CLANG_ENABLE_OBJC_ARC = YES;
				CLANG_ENABLE_OBJC_WEAK = YES;
				CLANG_WARN_BLOCK_CAPTURE_AUTORELEASING = YES;
				CLANG_WARN_BOOL_CONVERSION = YES;
				CLANG_WARN_COMMA = YES;
				CLANG_WARN_CONSTANT_CONVERSION = YES;
				CLANG_WARN_DEPRECATED_OBJC_IMPLEMENTATIONS = YES;
				CLANG_WARN_DIRECT_OBJC_ISA_USAGE = YES_ERROR;
				CLANG_WARN_DOCUMENTATION_COMMENTS = YES;
				CLANG_WARN_EMPTY_BODY = YES;
				CLANG_WARN_ENUM_CONVERSION = YES;
				CLANG_WARN_INFINITE_RECURSION = YES;
				CLANG_WARN_INT_CONVERSION = YES;
				CLANG_WARN_NON_LITERAL_NULL_CONVERSION = YES;
				CLANG_WARN_OBJC_IMPLICIT_RETAIN_SELF = YES;
				CLANG_WARN_OBJC_LITERAL_CONVERSION = YES;
				CLANG_WARN_OBJC_ROOT_CLASS = YES_ERROR;
				CLANG_WARN_RANGE_LOOP_ANALYSIS = YES;
				CLANG_WARN_STRICT_PROTOTYPES = YES;
				CLANG_WARN_SUSPICIOUS_MOVE = YES;
				CLANG_WARN_UNGUARDED_AVAILABILITY = YES_AGGRESSIVE;
				CLANG_WARN_UNREACHABLE_CODE = YES;
				CLANG_WARN__DUPLICATE_METHOD_MATCH = YES;
				CODE_SIGN_IDENTITY = "iPhone Developer";
				COPY_PHASE_STRIP = NO;
				DEBUG_INFORMATION_FORMAT = dwarf;
				ENABLE_STRICT_OBJC_MSGSEND = YES;
				ENABLE_TESTABILITY = YES;
				GCC_C_LANGUAGE_STANDARD = gnu11;
				GCC_DYNAMIC_NO_PIC = NO;
				GCC_NO_COMMON_BLOCKS = YES;
				GCC_OPTIMIZATION_LEVEL = 0;
				GCC_PREPROCESSOR_DEFINITIONS = (
					"DEBUG=1",
					"$(inherited)",
				);
				GCC_WARN_64_TO_32_BIT_CONVERSION = YES;
				GCC_WARN_ABOUT_RETURN_TYPE = YES_ERROR;
				GCC_WARN_UNDECLARED_SELECTOR = YES;
				GCC_WARN_UNINITIALIZED_AUTOS = YES_AGGRESSIVE;
				GCC_WARN_UNUSED_FUNCTION = YES;
				GCC_WARN_UNUSED_VARIABLE = YES;
				IPHONEOS_DEPLOYMENT_TARGET = 12.1;
				MTL_ENABLE_DEBUG_INFO = INCLUDE_SOURCE;
				MTL_FAST_MATH = YES;
				ONLY_ACTIVE_ARCH = YES;
				SDKROOT = iphoneos;
				SWIFT_ACTIVE_COMPILATION_CONDITIONS = DEBUG;
				SWIFT_OPTIMIZATION_LEVEL = "-Onone";
			};
			name = Debug;
		};
		EE894042218CF1A9009CB6A4 /* Release */ = {
			isa = XCBuildConfiguration;
			buildSettings = {
				ALWAYS_SEARCH_USER_PATHS = NO;
				CLANG_ANALYZER_NONNULL = YES;
				CLANG_ANALYZER_NUMBER_OBJECT_CONVERSION = YES_AGGRESSIVE;
				CLANG_CXX_LANGUAGE_STANDARD = "gnu++14";
				CLANG_CXX_LIBRARY = "libc++";
				CLANG_ENABLE_MODULES = YES;
				CLANG_ENABLE_OBJC_ARC = YES;
				CLANG_ENABLE_OBJC_WEAK = YES;
				CLANG_WARN_BLOCK_CAPTURE_AUTORELEASING = YES;
				CLANG_WARN_BOOL_CONVERSION = YES;
				CLANG_WARN_COMMA = YES;
				CLANG_WARN_CONSTANT_CONVERSION = YES;
				CLANG_WARN_DEPRECATED_OBJC_IMPLEMENTATIONS = YES;
				CLANG_WARN_DIRECT_OBJC_ISA_USAGE = YES_ERROR;
				CLANG_WARN_DOCUMENTATION_COMMENTS = YES;
				CLANG_WARN_EMPTY_BODY = YES;
				CLANG_WARN_ENUM_CONVERSION = YES;
				CLANG_WARN_INFINITE_RECURSION = YES;
				CLANG_WARN_INT_CONVERSION = YES;
				CLANG_WARN_NON_LITERAL_NULL_CONVERSION = YES;
				CLANG_WARN_OBJC_IMPLICIT_RETAIN_SELF = YES;
				CLANG_WARN_OBJC_LITERAL_CONVERSION = YES;
				CLANG_WARN_OBJC_ROOT_CLASS = YES_ERROR;
				CLANG_WARN_RANGE_LOOP_ANALYSIS = YES;
				CLANG_WARN_STRICT_PROTOTYPES = YES;
				CLANG_WARN_SUSPICIOUS_MOVE = YES;
				CLANG_WARN_UNGUARDED_AVAILABILITY = YES_AGGRESSIVE;
				CLANG_WARN_UNREACHABLE_CODE = YES;
				CLANG_WARN__DUPLICATE_METHOD_MATCH = YES;
				CODE_SIGN_IDENTITY = "iPhone Developer";
				COPY_PHASE_STRIP = NO;
				DEBUG_INFORMATION_FORMAT = "dwarf-with-dsym";
				ENABLE_NS_ASSERTIONS = NO;
				ENABLE_STRICT_OBJC_MSGSEND = YES;
				GCC_C_LANGUAGE_STANDARD = gnu11;
				GCC_NO_COMMON_BLOCKS = YES;
				GCC_WARN_64_TO_32_BIT_CONVERSION = YES;
				GCC_WARN_ABOUT_RETURN_TYPE = YES_ERROR;
				GCC_WARN_UNDECLARED_SELECTOR = YES;
				GCC_WARN_UNINITIALIZED_AUTOS = YES_AGGRESSIVE;
				GCC_WARN_UNUSED_FUNCTION = YES;
				GCC_WARN_UNUSED_VARIABLE = YES;
				IPHONEOS_DEPLOYMENT_TARGET = 12.1;
				MTL_ENABLE_DEBUG_INFO = NO;
				MTL_FAST_MATH = YES;
				SDKROOT = iphoneos;
				SWIFT_COMPILATION_MODE = wholemodule;
				SWIFT_OPTIMIZATION_LEVEL = "-O";
				VALIDATE_PRODUCT = YES;
			};
			name = Release;
		};
		EE894044218CF1A9009CB6A4 /* Debug */ = {
			isa = XCBuildConfiguration;
			buildSettings = {
				ASSETCATALOG_COMPILER_APPICON_NAME = AppIcon;
				CODE_SIGN_STYLE = Automatic;
				DEVELOPMENT_TEAM = Y93HUJS49V;
				INFOPLIST_FILE = "Pokemon Card AR/Info.plist";
				IPHONEOS_DEPLOYMENT_TARGET = 12.0;
				LD_RUNPATH_SEARCH_PATHS = (
					"$(inherited)",
					"@executable_path/Frameworks",
				);
				PRODUCT_BUNDLE_IDENTIFIER = "br.com.victormelo.Pokemon-Card-AR";
				PRODUCT_NAME = "$(TARGET_NAME)";
				SWIFT_VERSION = 4.2;
				TARGETED_DEVICE_FAMILY = "1,2";
			};
			name = Debug;
		};
		EE894045218CF1A9009CB6A4 /* Release */ = {
			isa = XCBuildConfiguration;
			buildSettings = {
				ASSETCATALOG_COMPILER_APPICON_NAME = AppIcon;
				CODE_SIGN_STYLE = Automatic;
				DEVELOPMENT_TEAM = Y93HUJS49V;
				INFOPLIST_FILE = "Pokemon Card AR/Info.plist";
				IPHONEOS_DEPLOYMENT_TARGET = 12.0;
				LD_RUNPATH_SEARCH_PATHS = (
					"$(inherited)",
					"@executable_path/Frameworks",
				);
				PRODUCT_BUNDLE_IDENTIFIER = "br.com.victormelo.Pokemon-Card-AR";
				PRODUCT_NAME = "$(TARGET_NAME)";
				SWIFT_VERSION = 4.2;
				TARGETED_DEVICE_FAMILY = "1,2";
			};
			name = Release;
		};
/* End XCBuildConfiguration section */

/* Begin XCConfigurationList section */
		EE89402A218CF1A6009CB6A4 /* Build configuration list for PBXProject "Pokemon Card AR" */ = {
			isa = XCConfigurationList;
			buildConfigurations = (
				EE894041218CF1A9009CB6A4 /* Debug */,
				EE894042218CF1A9009CB6A4 /* Release */,
			);
			defaultConfigurationIsVisible = 0;
			defaultConfigurationName = Release;
		};
		EE894043218CF1A9009CB6A4 /* Build configuration list for PBXNativeTarget "Pokemon Card AR" */ = {
			isa = XCConfigurationList;
			buildConfigurations = (
				EE894044218CF1A9009CB6A4 /* Debug */,
				EE894045218CF1A9009CB6A4 /* Release */,
			);
			defaultConfigurationIsVisible = 0;
			defaultConfigurationName = Release;
		};
/* End XCConfigurationList section */
	};
	rootObject = EE894027218CF1A6009CB6A4 /* Project object */;
}
